// !$*UTF8*$!
{
	archiveVersion = 1;
	classes = {
	};
	objectVersion = 46;
	objects = {

/* Begin PBXBuildFile section */
		380A1934188592640030972D /* HomeScreenTableViewController.m in Sources */ = {isa = PBXBuildFile; fileRef = 380A192C188592640030972D /* HomeScreenTableViewController.m */; };
		380A1935188592640030972D /* ParseImagePickerController.m in Sources */ = {isa = PBXBuildFile; fileRef = 380A192E188592640030972D /* ParseImagePickerController.m */; };
		380A1936188592640030972D /* UIPhotoEditViewController.m in Sources */ = {isa = PBXBuildFile; fileRef = 380A1930188592640030972D /* UIPhotoEditViewController.m */; };
		380A193D188592C30030972D /* BardoPhotoPickerViewController.m in Sources */ = {isa = PBXBuildFile; fileRef = 380A193C188592C30030972D /* BardoPhotoPickerViewController.m */; };
		38289D6F187C337E003AE748 /* Parse.framework in Frameworks */ = {isa = PBXBuildFile; fileRef = 38289D6E187C337E003AE748 /* Parse.framework */; };
		38289D73187C488B003AE748 /* AudioToolbox.framework in Frameworks */ = {isa = PBXBuildFile; fileRef = 38289D72187C488B003AE748 /* AudioToolbox.framework */; };
		38289D75187C4898003AE748 /* CFNetwork.framework in Frameworks */ = {isa = PBXBuildFile; fileRef = 38289D74187C4898003AE748 /* CFNetwork.framework */; };
		38289D77187C48A5003AE748 /* CoreLocation.framework in Frameworks */ = {isa = PBXBuildFile; fileRef = 38289D76187C48A5003AE748 /* CoreLocation.framework */; };
		38289D79187C48B0003AE748 /* libz.1.1.3.dylib in Frameworks */ = {isa = PBXBuildFile; fileRef = 38289D78187C48B0003AE748 /* libz.1.1.3.dylib */; };
		38289D7B187C48B8003AE748 /* MobileCoreServices.framework in Frameworks */ = {isa = PBXBuildFile; fileRef = 38289D7A187C48B8003AE748 /* MobileCoreServices.framework */; };
		38289D7D187C48C0003AE748 /* QuartzCore.framework in Frameworks */ = {isa = PBXBuildFile; fileRef = 38289D7C187C48C0003AE748 /* QuartzCore.framework */; };
		38289D7F187C48C7003AE748 /* Security.framework in Frameworks */ = {isa = PBXBuildFile; fileRef = 38289D7E187C48C7003AE748 /* Security.framework */; };
		38289D81187C48D2003AE748 /* StoreKit.framework in Frameworks */ = {isa = PBXBuildFile; fileRef = 38289D80187C48D2003AE748 /* StoreKit.framework */; };
		38289D83187C48DD003AE748 /* SystemConfiguration.framework in Frameworks */ = {isa = PBXBuildFile; fileRef = 38289D82187C48DD003AE748 /* SystemConfiguration.framework */; };
		38639A42187ABD6400AE1A9E /* GuruIcon120x120.png in Resources */ = {isa = PBXBuildFile; fileRef = 38639A3C187ABD6400AE1A9E /* GuruIcon120x120.png */; };
		38639A43187ABD6400AE1A9E /* GuruIcon152x152.png in Resources */ = {isa = PBXBuildFile; fileRef = 38639A3D187ABD6400AE1A9E /* GuruIcon152x152.png */; };
		38639A44187ABD6400AE1A9E /* GuruIcon40x40.png in Resources */ = {isa = PBXBuildFile; fileRef = 38639A3E187ABD6400AE1A9E /* GuruIcon40x40.png */; };
		38639A45187ABD6400AE1A9E /* GuruIcon60x60.png in Resources */ = {isa = PBXBuildFile; fileRef = 38639A3F187ABD6400AE1A9E /* GuruIcon60x60.png */; };
		38639A46187ABD6400AE1A9E /* GuruIcon76x76.png in Resources */ = {isa = PBXBuildFile; fileRef = 38639A40187ABD6400AE1A9E /* GuruIcon76x76.png */; };
		38639A47187ABD6400AE1A9E /* GuruIcon80x80.png in Resources */ = {isa = PBXBuildFile; fileRef = 38639A41187ABD6400AE1A9E /* GuruIcon80x80.png */; };
		3869FE851888414A0045ABD7 /* guru_gallery.png in Resources */ = {isa = PBXBuildFile; fileRef = 3869FE831888414A0045ABD7 /* guru_gallery.png */; };
		3869FE861888414A0045ABD7 /* guru_gallery@2x.png in Resources */ = {isa = PBXBuildFile; fileRef = 3869FE841888414A0045ABD7 /* guru_gallery@2x.png */; };
		38832997187995D4004836A2 /* Foundation.framework in Frameworks */ = {isa = PBXBuildFile; fileRef = 38832996187995D4004836A2 /* Foundation.framework */; };
		38832999187995D4004836A2 /* CoreGraphics.framework in Frameworks */ = {isa = PBXBuildFile; fileRef = 38832998187995D4004836A2 /* CoreGraphics.framework */; };
		3883299B187995D4004836A2 /* UIKit.framework in Frameworks */ = {isa = PBXBuildFile; fileRef = 3883299A187995D4004836A2 /* UIKit.framework */; };
		388329A1187995D4004836A2 /* InfoPlist.strings in Resources */ = {isa = PBXBuildFile; fileRef = 3883299F187995D4004836A2 /* InfoPlist.strings */; };
		388329A3187995D4004836A2 /* main.m in Sources */ = {isa = PBXBuildFile; fileRef = 388329A2187995D4004836A2 /* main.m */; };
		388329A7187995D4004836A2 /* AppDelegate.m in Sources */ = {isa = PBXBuildFile; fileRef = 388329A6187995D4004836A2 /* AppDelegate.m */; };
		388329AA187995D4004836A2 /* Main_iPhone.storyboard in Resources */ = {isa = PBXBuildFile; fileRef = 388329A8187995D4004836A2 /* Main_iPhone.storyboard */; };
		388329AD187995D4004836A2 /* Main_iPad.storyboard in Resources */ = {isa = PBXBuildFile; fileRef = 388329AB187995D4004836A2 /* Main_iPad.storyboard */; };
		388329B2187995D4004836A2 /* Images.xcassets in Resources */ = {isa = PBXBuildFile; fileRef = 388329B1187995D4004836A2 /* Images.xcassets */; };
		388329B9187995D4004836A2 /* XCTest.framework in Frameworks */ = {isa = PBXBuildFile; fileRef = 388329B8187995D4004836A2 /* XCTest.framework */; };
		388329BA187995D4004836A2 /* Foundation.framework in Frameworks */ = {isa = PBXBuildFile; fileRef = 38832996187995D4004836A2 /* Foundation.framework */; };
		388329BB187995D4004836A2 /* UIKit.framework in Frameworks */ = {isa = PBXBuildFile; fileRef = 3883299A187995D4004836A2 /* UIKit.framework */; };
		388329C3187995D4004836A2 /* InfoPlist.strings in Resources */ = {isa = PBXBuildFile; fileRef = 388329C1187995D4004836A2 /* InfoPlist.strings */; };
		388329C5187995D4004836A2 /* guruTests.m in Sources */ = {isa = PBXBuildFile; fileRef = 388329C4187995D4004836A2 /* guruTests.m */; };
		389038881881F5850058D29B /* UIPhotoDescription.m in Sources */ = {isa = PBXBuildFile; fileRef = 389038871881F5850058D29B /* UIPhotoDescription.m */; };
		38BC862C187C627B000B70B2 /* FacebookSDK.framework in Frameworks */ = {isa = PBXBuildFile; fileRef = 38BC862B187C627A000B70B2 /* FacebookSDK.framework */; };
		38D42B531879B45A00326B89 /* GCConfiguration.plist in Resources */ = {isa = PBXBuildFile; fileRef = 38D42B521879B45A00326B89 /* GCConfiguration.plist */; };
		38D81D6C188195F800336655 /* placeholder.png in Resources */ = {isa = PBXBuildFile; fileRef = 38D81D6A188195F800336655 /* placeholder.png */; };
		38D81D6D188195F800336655 /* placeholder@2x.png in Resources */ = {isa = PBXBuildFile; fileRef = 38D81D6B188195F800336655 /* placeholder@2x.png */; };
		38D81D7118819A8F00336655 /* ParseImagePickerTableViewCell.m in Sources */ = {isa = PBXBuildFile; fileRef = 38D81D7018819A8F00336655 /* ParseImagePickerTableViewCell.m */; };
		38F8F78518808E5C0031B4DC /* PhotoPickerPlus.strings in Resources */ = {isa = PBXBuildFile; fileRef = 38F8F78318808E5C0031B4DC /* PhotoPickerPlus.strings */; };
		3D4EA4BF3C92428E8C2F072D /* libPods.a in Frameworks */ = {isa = PBXBuildFile; fileRef = CB5B7AC5FEFE4897B379D4E5 /* libPods.a */; };
/* End PBXBuildFile section */

/* Begin PBXContainerItemProxy section */
		388329BC187995D4004836A2 /* PBXContainerItemProxy */ = {
			isa = PBXContainerItemProxy;
			containerPortal = 3883298B187995D4004836A2 /* Project object */;
			proxyType = 1;
			remoteGlobalIDString = 38832992187995D4004836A2;
			remoteInfo = guru;
		};
/* End PBXContainerItemProxy section */

/* Begin PBXFileReference section */
		380A192B188592640030972D /* HomeScreenTableViewController.h */ = {isa = PBXFileReference; fileEncoding = 4; lastKnownFileType = sourcecode.c.h; path = HomeScreenTableViewController.h; sourceTree = "<group>"; };
		380A192C188592640030972D /* HomeScreenTableViewController.m */ = {isa = PBXFileReference; fileEncoding = 4; lastKnownFileType = sourcecode.c.objc; path = HomeScreenTableViewController.m; sourceTree = "<group>"; };
		380A192D188592640030972D /* ParseImagePickerController.h */ = {isa = PBXFileReference; fileEncoding = 4; lastKnownFileType = sourcecode.c.h; path = ParseImagePickerController.h; sourceTree = "<group>"; };
		380A192E188592640030972D /* ParseImagePickerController.m */ = {isa = PBXFileReference; fileEncoding = 4; lastKnownFileType = sourcecode.c.objc; path = ParseImagePickerController.m; sourceTree = "<group>"; };
		380A192F188592640030972D /* UIPhotoEditViewController.h */ = {isa = PBXFileReference; fileEncoding = 4; lastKnownFileType = sourcecode.c.h; path = UIPhotoEditViewController.h; sourceTree = "<group>"; };
		380A1930188592640030972D /* UIPhotoEditViewController.m */ = {isa = PBXFileReference; fileEncoding = 4; lastKnownFileType = sourcecode.c.objc; path = UIPhotoEditViewController.m; sourceTree = "<group>"; };
		380A193B188592C30030972D /* BardoPhotoPickerViewController.h */ = {isa = PBXFileReference; fileEncoding = 4; lastKnownFileType = sourcecode.c.h; path = BardoPhotoPickerViewController.h; sourceTree = "<group>"; };
		380A193C188592C30030972D /* BardoPhotoPickerViewController.m */ = {isa = PBXFileReference; fileEncoding = 4; lastKnownFileType = sourcecode.c.objc; path = BardoPhotoPickerViewController.m; sourceTree = "<group>"; };
		38289D6E187C337E003AE748 /* Parse.framework */ = {isa = PBXFileReference; lastKnownFileType = wrapper.framework; name = Parse.framework; path = ../../../ios/facebook_parse/guru/Parse.framework; sourceTree = "<group>"; };
		38289D72187C488B003AE748 /* AudioToolbox.framework */ = {isa = PBXFileReference; lastKnownFileType = wrapper.framework; name = AudioToolbox.framework; path = System/Library/Frameworks/AudioToolbox.framework; sourceTree = SDKROOT; };
		38289D74187C4898003AE748 /* CFNetwork.framework */ = {isa = PBXFileReference; lastKnownFileType = wrapper.framework; name = CFNetwork.framework; path = System/Library/Frameworks/CFNetwork.framework; sourceTree = SDKROOT; };
		38289D76187C48A5003AE748 /* CoreLocation.framework */ = {isa = PBXFileReference; lastKnownFileType = wrapper.framework; name = CoreLocation.framework; path = System/Library/Frameworks/CoreLocation.framework; sourceTree = SDKROOT; };
		38289D78187C48B0003AE748 /* libz.1.1.3.dylib */ = {isa = PBXFileReference; lastKnownFileType = "compiled.mach-o.dylib"; name = libz.1.1.3.dylib; path = usr/lib/libz.1.1.3.dylib; sourceTree = SDKROOT; };
		38289D7A187C48B8003AE748 /* MobileCoreServices.framework */ = {isa = PBXFileReference; lastKnownFileType = wrapper.framework; name = MobileCoreServices.framework; path = System/Library/Frameworks/MobileCoreServices.framework; sourceTree = SDKROOT; };
		38289D7C187C48C0003AE748 /* QuartzCore.framework */ = {isa = PBXFileReference; lastKnownFileType = wrapper.framework; name = QuartzCore.framework; path = System/Library/Frameworks/QuartzCore.framework; sourceTree = SDKROOT; };
		38289D7E187C48C7003AE748 /* Security.framework */ = {isa = PBXFileReference; lastKnownFileType = wrapper.framework; name = Security.framework; path = System/Library/Frameworks/Security.framework; sourceTree = SDKROOT; };
		38289D80187C48D2003AE748 /* StoreKit.framework */ = {isa = PBXFileReference; lastKnownFileType = wrapper.framework; name = StoreKit.framework; path = System/Library/Frameworks/StoreKit.framework; sourceTree = SDKROOT; };
		38289D82187C48DD003AE748 /* SystemConfiguration.framework */ = {isa = PBXFileReference; lastKnownFileType = wrapper.framework; name = SystemConfiguration.framework; path = System/Library/Frameworks/SystemConfiguration.framework; sourceTree = SDKROOT; };
		38639A3C187ABD6400AE1A9E /* GuruIcon120x120.png */ = {isa = PBXFileReference; lastKnownFileType = image.png; path = GuruIcon120x120.png; sourceTree = "<group>"; };
		38639A3D187ABD6400AE1A9E /* GuruIcon152x152.png */ = {isa = PBXFileReference; lastKnownFileType = image.png; path = GuruIcon152x152.png; sourceTree = "<group>"; };
		38639A3E187ABD6400AE1A9E /* GuruIcon40x40.png */ = {isa = PBXFileReference; lastKnownFileType = image.png; path = GuruIcon40x40.png; sourceTree = "<group>"; };
		38639A3F187ABD6400AE1A9E /* GuruIcon60x60.png */ = {isa = PBXFileReference; lastKnownFileType = image.png; path = GuruIcon60x60.png; sourceTree = "<group>"; };
		38639A40187ABD6400AE1A9E /* GuruIcon76x76.png */ = {isa = PBXFileReference; lastKnownFileType = image.png; path = GuruIcon76x76.png; sourceTree = "<group>"; };
		38639A41187ABD6400AE1A9E /* GuruIcon80x80.png */ = {isa = PBXFileReference; lastKnownFileType = image.png; path = GuruIcon80x80.png; sourceTree = "<group>"; };
		3869FE831888414A0045ABD7 /* guru_gallery.png */ = {isa = PBXFileReference; lastKnownFileType = image.png; path = guru_gallery.png; sourceTree = "<group>"; };
		3869FE841888414A0045ABD7 /* guru_gallery@2x.png */ = {isa = PBXFileReference; lastKnownFileType = image.png; path = "guru_gallery@2x.png"; sourceTree = "<group>"; };
		38832993187995D4004836A2 /* guru.app */ = {isa = PBXFileReference; explicitFileType = wrapper.application; includeInIndex = 0; path = guru.app; sourceTree = BUILT_PRODUCTS_DIR; };
		38832996187995D4004836A2 /* Foundation.framework */ = {isa = PBXFileReference; lastKnownFileType = wrapper.framework; name = Foundation.framework; path = System/Library/Frameworks/Foundation.framework; sourceTree = SDKROOT; };
		38832998187995D4004836A2 /* CoreGraphics.framework */ = {isa = PBXFileReference; lastKnownFileType = wrapper.framework; name = CoreGraphics.framework; path = System/Library/Frameworks/CoreGraphics.framework; sourceTree = SDKROOT; };
		3883299A187995D4004836A2 /* UIKit.framework */ = {isa = PBXFileReference; lastKnownFileType = wrapper.framework; name = UIKit.framework; path = System/Library/Frameworks/UIKit.framework; sourceTree = SDKROOT; };
		3883299E187995D4004836A2 /* guru-Info.plist */ = {isa = PBXFileReference; lastKnownFileType = text.plist.xml; path = "guru-Info.plist"; sourceTree = "<group>"; };
		388329A0187995D4004836A2 /* en */ = {isa = PBXFileReference; lastKnownFileType = text.plist.strings; name = en; path = en.lproj/InfoPlist.strings; sourceTree = "<group>"; };
		388329A2187995D4004836A2 /* main.m */ = {isa = PBXFileReference; lastKnownFileType = sourcecode.c.objc; path = main.m; sourceTree = "<group>"; };
		388329A4187995D4004836A2 /* guru-Prefix.pch */ = {isa = PBXFileReference; lastKnownFileType = sourcecode.c.h; path = "guru-Prefix.pch"; sourceTree = "<group>"; };
		388329A5187995D4004836A2 /* AppDelegate.h */ = {isa = PBXFileReference; lastKnownFileType = sourcecode.c.h; path = AppDelegate.h; sourceTree = "<group>"; };
		388329A6187995D4004836A2 /* AppDelegate.m */ = {isa = PBXFileReference; lastKnownFileType = sourcecode.c.objc; path = AppDelegate.m; sourceTree = "<group>"; };
		388329A9187995D4004836A2 /* Base */ = {isa = PBXFileReference; lastKnownFileType = file.storyboard; name = Base; path = Base.lproj/Main_iPhone.storyboard; sourceTree = "<group>"; };
		388329AC187995D4004836A2 /* Base */ = {isa = PBXFileReference; lastKnownFileType = file.storyboard; name = Base; path = Base.lproj/Main_iPad.storyboard; sourceTree = "<group>"; };
		388329B1187995D4004836A2 /* Images.xcassets */ = {isa = PBXFileReference; lastKnownFileType = folder.assetcatalog; path = Images.xcassets; sourceTree = "<group>"; };
		388329B7187995D4004836A2 /* guruTests.xctest */ = {isa = PBXFileReference; explicitFileType = wrapper.cfbundle; includeInIndex = 0; path = guruTests.xctest; sourceTree = BUILT_PRODUCTS_DIR; };
		388329B8187995D4004836A2 /* XCTest.framework */ = {isa = PBXFileReference; lastKnownFileType = wrapper.framework; name = XCTest.framework; path = Library/Frameworks/XCTest.framework; sourceTree = DEVELOPER_DIR; };
		388329C0187995D4004836A2 /* guruTests-Info.plist */ = {isa = PBXFileReference; lastKnownFileType = text.plist.xml; path = "guruTests-Info.plist"; sourceTree = "<group>"; };
		388329C2187995D4004836A2 /* en */ = {isa = PBXFileReference; lastKnownFileType = text.plist.strings; name = en; path = en.lproj/InfoPlist.strings; sourceTree = "<group>"; };
		388329C4187995D4004836A2 /* guruTests.m */ = {isa = PBXFileReference; lastKnownFileType = sourcecode.c.objc; path = guruTests.m; sourceTree = "<group>"; };
		389038861881F5850058D29B /* UIPhotoDescription.h */ = {isa = PBXFileReference; fileEncoding = 4; lastKnownFileType = sourcecode.c.h; path = UIPhotoDescription.h; sourceTree = "<group>"; };
		389038871881F5850058D29B /* UIPhotoDescription.m */ = {isa = PBXFileReference; fileEncoding = 4; lastKnownFileType = sourcecode.c.objc; path = UIPhotoDescription.m; sourceTree = "<group>"; };
		38BC862B187C627A000B70B2 /* FacebookSDK.framework */ = {isa = PBXFileReference; lastKnownFileType = wrapper.framework; path = FacebookSDK.framework; sourceTree = "<group>"; };
		38D42B521879B45A00326B89 /* GCConfiguration.plist */ = {isa = PBXFileReference; fileEncoding = 4; lastKnownFileType = text.plist.xml; path = GCConfiguration.plist; sourceTree = "<group>"; };
		38D81D6A188195F800336655 /* placeholder.png */ = {isa = PBXFileReference; lastKnownFileType = image.png; path = placeholder.png; sourceTree = "<group>"; };
		38D81D6B188195F800336655 /* placeholder@2x.png */ = {isa = PBXFileReference; lastKnownFileType = image.png; path = "placeholder@2x.png"; sourceTree = "<group>"; };
		38D81D6F18819A8F00336655 /* ParseImagePickerTableViewCell.h */ = {isa = PBXFileReference; fileEncoding = 4; lastKnownFileType = sourcecode.c.h; path = ParseImagePickerTableViewCell.h; sourceTree = "<group>"; };
		38D81D7018819A8F00336655 /* ParseImagePickerTableViewCell.m */ = {isa = PBXFileReference; fileEncoding = 4; lastKnownFileType = sourcecode.c.objc; path = ParseImagePickerTableViewCell.m; sourceTree = "<group>"; };
		38F8F78418808E5C0031B4DC /* en */ = {isa = PBXFileReference; lastKnownFileType = text.plist.strings; name = en; path = Pods/PhotoPickerPlus/PhotoPickerPlus/Resources/Localizations/en.lproj/PhotoPickerPlus.strings; sourceTree = "<group>"; };
		866BBDA7B3824B44A28810E4 /* Pods.xcconfig */ = {isa = PBXFileReference; includeInIndex = 1; lastKnownFileType = text.xcconfig; name = Pods.xcconfig; path = Pods/Pods.xcconfig; sourceTree = "<group>"; };
		CB5B7AC5FEFE4897B379D4E5 /* libPods.a */ = {isa = PBXFileReference; explicitFileType = archive.ar; includeInIndex = 0; path = libPods.a; sourceTree = BUILT_PRODUCTS_DIR; };
/* End PBXFileReference section */

/* Begin PBXFrameworksBuildPhase section */
		38832990187995D4004836A2 /* Frameworks */ = {
			isa = PBXFrameworksBuildPhase;
			buildActionMask = 2147483647;
			files = (
				38289D83187C48DD003AE748 /* SystemConfiguration.framework in Frameworks */,
				38289D81187C48D2003AE748 /* StoreKit.framework in Frameworks */,
				38289D7F187C48C7003AE748 /* Security.framework in Frameworks */,
				38289D7D187C48C0003AE748 /* QuartzCore.framework in Frameworks */,
				38289D7B187C48B8003AE748 /* MobileCoreServices.framework in Frameworks */,
				38289D79187C48B0003AE748 /* libz.1.1.3.dylib in Frameworks */,
				38289D77187C48A5003AE748 /* CoreLocation.framework in Frameworks */,
				38289D75187C4898003AE748 /* CFNetwork.framework in Frameworks */,
				38289D73187C488B003AE748 /* AudioToolbox.framework in Frameworks */,
				38832999187995D4004836A2 /* CoreGraphics.framework in Frameworks */,
				3883299B187995D4004836A2 /* UIKit.framework in Frameworks */,
				38BC862C187C627B000B70B2 /* FacebookSDK.framework in Frameworks */,
				38832997187995D4004836A2 /* Foundation.framework in Frameworks */,
				38289D6F187C337E003AE748 /* Parse.framework in Frameworks */,
				3D4EA4BF3C92428E8C2F072D /* libPods.a in Frameworks */,
			);
			runOnlyForDeploymentPostprocessing = 0;
		};
		388329B4187995D4004836A2 /* Frameworks */ = {
			isa = PBXFrameworksBuildPhase;
			buildActionMask = 2147483647;
			files = (
				388329B9187995D4004836A2 /* XCTest.framework in Frameworks */,
				388329BB187995D4004836A2 /* UIKit.framework in Frameworks */,
				388329BA187995D4004836A2 /* Foundation.framework in Frameworks */,
			);
			runOnlyForDeploymentPostprocessing = 0;
		};
/* End PBXFrameworksBuildPhase section */

/* Begin PBXGroup section */
		380A19281885922A0030972D /* Controllers */ = {
			isa = PBXGroup;
			children = (
				380A192B188592640030972D /* HomeScreenTableViewController.h */,
				380A192C188592640030972D /* HomeScreenTableViewController.m */,
				380A192D188592640030972D /* ParseImagePickerController.h */,
				380A192E188592640030972D /* ParseImagePickerController.m */,
				380A192F188592640030972D /* UIPhotoEditViewController.h */,
				380A1930188592640030972D /* UIPhotoEditViewController.m */,
				380A193B188592C30030972D /* BardoPhotoPickerViewController.h */,
				380A193C188592C30030972D /* BardoPhotoPickerViewController.m */,
			);
			path = Controllers;
			sourceTree = "<group>";
		};
		38639A3B187ABD6400AE1A9E /* Images */ = {
			isa = PBXGroup;
			children = (
				3869FE831888414A0045ABD7 /* guru_gallery.png */,
				3869FE841888414A0045ABD7 /* guru_gallery@2x.png */,
				38D81D6A188195F800336655 /* placeholder.png */,
				38D81D6B188195F800336655 /* placeholder@2x.png */,
				38639A3C187ABD6400AE1A9E /* GuruIcon120x120.png */,
				38639A3D187ABD6400AE1A9E /* GuruIcon152x152.png */,
				38639A3E187ABD6400AE1A9E /* GuruIcon40x40.png */,
				38639A3F187ABD6400AE1A9E /* GuruIcon60x60.png */,
				38639A40187ABD6400AE1A9E /* GuruIcon76x76.png */,
				38639A41187ABD6400AE1A9E /* GuruIcon80x80.png */,
			);
			path = Images;
			sourceTree = "<group>";
		};
		3883298A187995D4004836A2 = {
			isa = PBXGroup;
			children = (
				3883299C187995D4004836A2 /* guru */,
				388329BE187995D4004836A2 /* guruTests */,
				38832995187995D4004836A2 /* Frameworks */,
				38832994187995D4004836A2 /* Products */,
				866BBDA7B3824B44A28810E4 /* Pods.xcconfig */,
			);
			sourceTree = "<group>";
		};
		38832994187995D4004836A2 /* Products */ = {
			isa = PBXGroup;
			children = (
				38832993187995D4004836A2 /* guru.app */,
				388329B7187995D4004836A2 /* guruTests.xctest */,
			);
			name = Products;
			sourceTree = "<group>";
		};
		38832995187995D4004836A2 /* Frameworks */ = {
			isa = PBXGroup;
			children = (
				38BC862B187C627A000B70B2 /* FacebookSDK.framework */,
				38289D82187C48DD003AE748 /* SystemConfiguration.framework */,
				38289D80187C48D2003AE748 /* StoreKit.framework */,
				38289D7E187C48C7003AE748 /* Security.framework */,
				38289D7C187C48C0003AE748 /* QuartzCore.framework */,
				38289D7A187C48B8003AE748 /* MobileCoreServices.framework */,
				38289D78187C48B0003AE748 /* libz.1.1.3.dylib */,
				38289D76187C48A5003AE748 /* CoreLocation.framework */,
				38289D74187C4898003AE748 /* CFNetwork.framework */,
				38289D72187C488B003AE748 /* AudioToolbox.framework */,
				38289D6E187C337E003AE748 /* Parse.framework */,
				38832996187995D4004836A2 /* Foundation.framework */,
				38832998187995D4004836A2 /* CoreGraphics.framework */,
				3883299A187995D4004836A2 /* UIKit.framework */,
				388329B8187995D4004836A2 /* XCTest.framework */,
				CB5B7AC5FEFE4897B379D4E5 /* libPods.a */,
			);
			name = Frameworks;
			sourceTree = "<group>";
		};
		3883299C187995D4004836A2 /* guru */ = {
			isa = PBXGroup;
			children = (
				380A19281885922A0030972D /* Controllers */,
				389038851881F5850058D29B /* Model */,
				38D81D6E18819A4B00336655 /* Views */,
				38639A3B187ABD6400AE1A9E /* Images */,
				38D42B511879B45A00326B89 /* Configuration */,
				388329A5187995D4004836A2 /* AppDelegate.h */,
				388329A6187995D4004836A2 /* AppDelegate.m */,
				388329A8187995D4004836A2 /* Main_iPhone.storyboard */,
				388329AB187995D4004836A2 /* Main_iPad.storyboard */,
				388329B1187995D4004836A2 /* Images.xcassets */,
				3883299D187995D4004836A2 /* Supporting Files */,
			);
			path = guru;
			sourceTree = "<group>";
		};
		3883299D187995D4004836A2 /* Supporting Files */ = {
			isa = PBXGroup;
			children = (
				3883299E187995D4004836A2 /* guru-Info.plist */,
				3883299F187995D4004836A2 /* InfoPlist.strings */,
				388329A2187995D4004836A2 /* main.m */,
				388329A4187995D4004836A2 /* guru-Prefix.pch */,
			);
			name = "Supporting Files";
			sourceTree = "<group>";
		};
		388329BE187995D4004836A2 /* guruTests */ = {
			isa = PBXGroup;
			children = (
				388329C4187995D4004836A2 /* guruTests.m */,
				388329BF187995D4004836A2 /* Supporting Files */,
			);
			path = guruTests;
			sourceTree = "<group>";
		};
		388329BF187995D4004836A2 /* Supporting Files */ = {
			isa = PBXGroup;
			children = (
				388329C0187995D4004836A2 /* guruTests-Info.plist */,
				388329C1187995D4004836A2 /* InfoPlist.strings */,
			);
			name = "Supporting Files";
			sourceTree = "<group>";
		};
		389038851881F5850058D29B /* Model */ = {
			isa = PBXGroup;
			children = (
				389038861881F5850058D29B /* UIPhotoDescription.h */,
				389038871881F5850058D29B /* UIPhotoDescription.m */,
			);
			path = Model;
			sourceTree = "<group>";
		};
		38D42B511879B45A00326B89 /* Configuration */ = {
			isa = PBXGroup;
			children = (
				38F8F78318808E5C0031B4DC /* PhotoPickerPlus.strings */,
				38D42B521879B45A00326B89 /* GCConfiguration.plist */,
			);
			path = Configuration;
			sourceTree = "<group>";
		};
		38D81D6E18819A4B00336655 /* Views */ = {
			isa = PBXGroup;
			children = (
				38D81D6F18819A8F00336655 /* ParseImagePickerTableViewCell.h */,
				38D81D7018819A8F00336655 /* ParseImagePickerTableViewCell.m */,
			);
			path = Views;
			sourceTree = "<group>";
		};
/* End PBXGroup section */

/* Begin PBXNativeTarget section */
		38832992187995D4004836A2 /* guru */ = {
			isa = PBXNativeTarget;
			buildConfigurationList = 388329C8187995D4004836A2 /* Build configuration list for PBXNativeTarget "guru" */;
			buildPhases = (
				DFFEF9E196C04748A3862279 /* Check Pods Manifest.lock */,
				3883298F187995D4004836A2 /* Sources */,
				38832990187995D4004836A2 /* Frameworks */,
				38832991187995D4004836A2 /* Resources */,
				2EAD3776A33343A4A87975A9 /* Copy Pods Resources */,
			);
			buildRules = (
			);
			dependencies = (
			);
			name = guru;
			productName = guru;
			productReference = 38832993187995D4004836A2 /* guru.app */;
			productType = "com.apple.product-type.application";
		};
		388329B6187995D4004836A2 /* guruTests */ = {
			isa = PBXNativeTarget;
			buildConfigurationList = 388329CB187995D4004836A2 /* Build configuration list for PBXNativeTarget "guruTests" */;
			buildPhases = (
				388329B3187995D4004836A2 /* Sources */,
				388329B4187995D4004836A2 /* Frameworks */,
				388329B5187995D4004836A2 /* Resources */,
			);
			buildRules = (
			);
			dependencies = (
				388329BD187995D4004836A2 /* PBXTargetDependency */,
			);
			name = guruTests;
			productName = guruTests;
			productReference = 388329B7187995D4004836A2 /* guruTests.xctest */;
			productType = "com.apple.product-type.bundle.unit-test";
		};
/* End PBXNativeTarget section */

/* Begin PBXProject section */
		3883298B187995D4004836A2 /* Project object */ = {
			isa = PBXProject;
			attributes = {
				LastUpgradeCheck = 0500;
				ORGANIZATIONNAME = "Karan Batra-Daitch";
				TargetAttributes = {
					38832992187995D4004836A2 = {
						DevelopmentTeam = 6F99DVC598;
					};
					388329B6187995D4004836A2 = {
						TestTargetID = 38832992187995D4004836A2;
					};
				};
			};
			buildConfigurationList = 3883298E187995D4004836A2 /* Build configuration list for PBXProject "guru" */;
			compatibilityVersion = "Xcode 3.2";
			developmentRegion = English;
			hasScannedForEncodings = 0;
			knownRegions = (
				en,
				Base,
			);
			mainGroup = 3883298A187995D4004836A2;
			productRefGroup = 38832994187995D4004836A2 /* Products */;
			projectDirPath = "";
			projectRoot = "";
			targets = (
				38832992187995D4004836A2 /* guru */,
				388329B6187995D4004836A2 /* guruTests */,
			);
		};
/* End PBXProject section */

/* Begin PBXResourcesBuildPhase section */
		38832991187995D4004836A2 /* Resources */ = {
			isa = PBXResourcesBuildPhase;
			buildActionMask = 2147483647;
			files = (
				3869FE851888414A0045ABD7 /* guru_gallery.png in Resources */,
				38F8F78518808E5C0031B4DC /* PhotoPickerPlus.strings in Resources */,
				3869FE861888414A0045ABD7 /* guru_gallery@2x.png in Resources */,
				38639A44187ABD6400AE1A9E /* GuruIcon40x40.png in Resources */,
				38639A42187ABD6400AE1A9E /* GuruIcon120x120.png in Resources */,
				38D81D6C188195F800336655 /* placeholder.png in Resources */,
				388329AD187995D4004836A2 /* Main_iPad.storyboard in Resources */,
				38639A47187ABD6400AE1A9E /* GuruIcon80x80.png in Resources */,
				388329B2187995D4004836A2 /* Images.xcassets in Resources */,
				38639A46187ABD6400AE1A9E /* GuruIcon76x76.png in Resources */,
				38D81D6D188195F800336655 /* placeholder@2x.png in Resources */,
				38D42B531879B45A00326B89 /* GCConfiguration.plist in Resources */,
				388329AA187995D4004836A2 /* Main_iPhone.storyboard in Resources */,
				388329A1187995D4004836A2 /* InfoPlist.strings in Resources */,
				38639A45187ABD6400AE1A9E /* GuruIcon60x60.png in Resources */,
				38639A43187ABD6400AE1A9E /* GuruIcon152x152.png in Resources */,
			);
			runOnlyForDeploymentPostprocessing = 0;
		};
		388329B5187995D4004836A2 /* Resources */ = {
			isa = PBXResourcesBuildPhase;
			buildActionMask = 2147483647;
			files = (
				388329C3187995D4004836A2 /* InfoPlist.strings in Resources */,
			);
			runOnlyForDeploymentPostprocessing = 0;
		};
/* End PBXResourcesBuildPhase section */

/* Begin PBXShellScriptBuildPhase section */
		2EAD3776A33343A4A87975A9 /* Copy Pods Resources */ = {
			isa = PBXShellScriptBuildPhase;
			buildActionMask = 2147483647;
			files = (
			);
			inputPaths = (
			);
			name = "Copy Pods Resources";
			outputPaths = (
			);
			runOnlyForDeploymentPostprocessing = 0;
			shellPath = /bin/sh;
			shellScript = "\"${SRCROOT}/Pods/Pods-resources.sh\"\n";
			showEnvVarsInLog = 0;
		};
		DFFEF9E196C04748A3862279 /* Check Pods Manifest.lock */ = {
			isa = PBXShellScriptBuildPhase;
			buildActionMask = 2147483647;
			files = (
			);
			inputPaths = (
			);
			name = "Check Pods Manifest.lock";
			outputPaths = (
			);
			runOnlyForDeploymentPostprocessing = 0;
			shellPath = /bin/sh;
			shellScript = "diff \"${PODS_ROOT}/../Podfile.lock\" \"${PODS_ROOT}/Manifest.lock\" > /dev/null\nif [[ $? != 0 ]] ; then\n    cat << EOM\nerror: The sandbox is not in sync with the Podfile.lock. Run 'pod install' or update your CocoaPods installation.\nEOM\n    exit 1\nfi\n";
			showEnvVarsInLog = 0;
		};
/* End PBXShellScriptBuildPhase section */

/* Begin PBXSourcesBuildPhase section */
		3883298F187995D4004836A2 /* Sources */ = {
			isa = PBXSourcesBuildPhase;
			buildActionMask = 2147483647;
			files = (
				380A193D188592C30030972D /* BardoPhotoPickerViewController.m in Sources */,
				380A1935188592640030972D /* ParseImagePickerController.m in Sources */,
				380A1934188592640030972D /* HomeScreenTableViewController.m in Sources */,
				389038881881F5850058D29B /* UIPhotoDescription.m in Sources */,
				380A1936188592640030972D /* UIPhotoEditViewController.m in Sources */,
				388329A7187995D4004836A2 /* AppDelegate.m in Sources */,
				38D81D7118819A8F00336655 /* ParseImagePickerTableViewCell.m in Sources */,
				388329A3187995D4004836A2 /* main.m in Sources */,
			);
			runOnlyForDeploymentPostprocessing = 0;
		};
		388329B3187995D4004836A2 /* Sources */ = {
			isa = PBXSourcesBuildPhase;
			buildActionMask = 2147483647;
			files = (
				388329C5187995D4004836A2 /* guruTests.m in Sources */,
			);
			runOnlyForDeploymentPostprocessing = 0;
		};
/* End PBXSourcesBuildPhase section */

/* Begin PBXTargetDependency section */
		388329BD187995D4004836A2 /* PBXTargetDependency */ = {
			isa = PBXTargetDependency;
			target = 38832992187995D4004836A2 /* guru */;
			targetProxy = 388329BC187995D4004836A2 /* PBXContainerItemProxy */;
		};
/* End PBXTargetDependency section */

/* Begin PBXVariantGroup section */
		3883299F187995D4004836A2 /* InfoPlist.strings */ = {
			isa = PBXVariantGroup;
			children = (
				388329A0187995D4004836A2 /* en */,
			);
			name = InfoPlist.strings;
			sourceTree = "<group>";
		};
		388329A8187995D4004836A2 /* Main_iPhone.storyboard */ = {
			isa = PBXVariantGroup;
			children = (
				388329A9187995D4004836A2 /* Base */,
			);
			name = Main_iPhone.storyboard;
			sourceTree = "<group>";
		};
		388329AB187995D4004836A2 /* Main_iPad.storyboard */ = {
			isa = PBXVariantGroup;
			children = (
				388329AC187995D4004836A2 /* Base */,
			);
			name = Main_iPad.storyboard;
			sourceTree = "<group>";
		};
		388329C1187995D4004836A2 /* InfoPlist.strings */ = {
			isa = PBXVariantGroup;
			children = (
				388329C2187995D4004836A2 /* en */,
			);
			name = InfoPlist.strings;
			sourceTree = "<group>";
		};
		38F8F78318808E5C0031B4DC /* PhotoPickerPlus.strings */ = {
			isa = PBXVariantGroup;
			children = (
				38F8F78418808E5C0031B4DC /* en */,
			);
			name = PhotoPickerPlus.strings;
			path = ../..;
			sourceTree = "<group>";
		};
/* End PBXVariantGroup section */

/* Begin XCBuildConfiguration section */
		388329C6187995D4004836A2 /* Debug */ = {
			isa = XCBuildConfiguration;
			buildSettings = {
				ALWAYS_SEARCH_USER_PATHS = NO;
				ARCHS = "$(ARCHS_STANDARD_INCLUDING_64_BIT)";
				CLANG_CXX_LANGUAGE_STANDARD = "gnu++0x";
				CLANG_CXX_LIBRARY = "libc++";
				CLANG_ENABLE_MODULES = YES;
				CLANG_ENABLE_OBJC_ARC = YES;
				CLANG_WARN_BOOL_CONVERSION = YES;
				CLANG_WARN_CONSTANT_CONVERSION = YES;
				CLANG_WARN_DIRECT_OBJC_ISA_USAGE = YES_ERROR;
				CLANG_WARN_EMPTY_BODY = YES;
				CLANG_WARN_ENUM_CONVERSION = YES;
				CLANG_WARN_INT_CONVERSION = YES;
				CLANG_WARN_OBJC_ROOT_CLASS = YES_ERROR;
				CLANG_WARN__DUPLICATE_METHOD_MATCH = YES;
				CODE_SIGN_IDENTITY = "iPhone Distribution";
				"CODE_SIGN_IDENTITY[sdk=iphoneos*]" = "iPhone Distribution: Karan Batra-Daitch (6F99DVC598)";
				COPY_PHASE_STRIP = NO;
				GCC_C_LANGUAGE_STANDARD = gnu99;
				GCC_DYNAMIC_NO_PIC = NO;
				GCC_OPTIMIZATION_LEVEL = 0;
				GCC_PREPROCESSOR_DEFINITIONS = (
					"DEBUG=1",
					"$(inherited)",
				);
				GCC_SYMBOLS_PRIVATE_EXTERN = NO;
				GCC_WARN_64_TO_32_BIT_CONVERSION = YES;
				GCC_WARN_ABOUT_RETURN_TYPE = YES_ERROR;
				GCC_WARN_UNDECLARED_SELECTOR = YES;
				GCC_WARN_UNINITIALIZED_AUTOS = YES;
				GCC_WARN_UNUSED_FUNCTION = YES;
				GCC_WARN_UNUSED_VARIABLE = YES;
				IPHONEOS_DEPLOYMENT_TARGET = 7.0;
				ONLY_ACTIVE_ARCH = YES;
				SDKROOT = iphoneos;
				TARGETED_DEVICE_FAMILY = "1,2";
			};
			name = Debug;
		};
		388329C7187995D4004836A2 /* Release */ = {
			isa = XCBuildConfiguration;
			buildSettings = {
				ALWAYS_SEARCH_USER_PATHS = NO;
				ARCHS = "$(ARCHS_STANDARD_INCLUDING_64_BIT)";
				CLANG_CXX_LANGUAGE_STANDARD = "gnu++0x";
				CLANG_CXX_LIBRARY = "libc++";
				CLANG_ENABLE_MODULES = YES;
				CLANG_ENABLE_OBJC_ARC = YES;
				CLANG_WARN_BOOL_CONVERSION = YES;
				CLANG_WARN_CONSTANT_CONVERSION = YES;
				CLANG_WARN_DIRECT_OBJC_ISA_USAGE = YES_ERROR;
				CLANG_WARN_EMPTY_BODY = YES;
				CLANG_WARN_ENUM_CONVERSION = YES;
				CLANG_WARN_INT_CONVERSION = YES;
				CLANG_WARN_OBJC_ROOT_CLASS = YES_ERROR;
				CLANG_WARN__DUPLICATE_METHOD_MATCH = YES;
				CODE_SIGN_IDENTITY = "iPhone Distribution";
				"CODE_SIGN_IDENTITY[sdk=iphoneos*]" = "iPhone Distribution: Karan Batra-Daitch (6F99DVC598)";
				COPY_PHASE_STRIP = YES;
				ENABLE_NS_ASSERTIONS = NO;
				GCC_C_LANGUAGE_STANDARD = gnu99;
				GCC_WARN_64_TO_32_BIT_CONVERSION = YES;
				GCC_WARN_ABOUT_RETURN_TYPE = YES_ERROR;
				GCC_WARN_UNDECLARED_SELECTOR = YES;
				GCC_WARN_UNINITIALIZED_AUTOS = YES;
				GCC_WARN_UNUSED_FUNCTION = YES;
				GCC_WARN_UNUSED_VARIABLE = YES;
				IPHONEOS_DEPLOYMENT_TARGET = 7.0;
				SDKROOT = iphoneos;
				TARGETED_DEVICE_FAMILY = "1,2";
				VALIDATE_PRODUCT = YES;
			};
			name = Release;
		};
		388329C9187995D4004836A2 /* Debug */ = {
			isa = XCBuildConfiguration;
			baseConfigurationReference = 866BBDA7B3824B44A28810E4 /* Pods.xcconfig */;
			buildSettings = {
				ASSETCATALOG_COMPILER_APPICON_NAME = AppIcon;
				ASSETCATALOG_COMPILER_LAUNCHIMAGE_NAME = LaunchImage;
				CODE_SIGN_IDENTITY = "iPhone Developer";
				FRAMEWORK_SEARCH_PATHS = (
					"$(inherited)",
					/Users/kbdaitch/code/ios/facebook_parse/guru,
					/Users/kbdaitch/code/bardo/guru/ios,
				);
				GCC_PRECOMPILE_PREFIX_HEADER = YES;
				GCC_PREFIX_HEADER = "guru/guru-Prefix.pch";
				INFOPLIST_FILE = "guru/guru-Info.plist";
				OTHER_LDFLAGS = "$(inherited)";
				PRODUCT_NAME = "$(TARGET_NAME)";
				WRAPPER_EXTENSION = app;
			};
			name = Debug;
		};
		388329CA187995D4004836A2 /* Release */ = {
			isa = XCBuildConfiguration;
			baseConfigurationReference = 866BBDA7B3824B44A28810E4 /* Pods.xcconfig */;
			buildSettings = {
				ASSETCATALOG_COMPILER_APPICON_NAME = AppIcon;
				ASSETCATALOG_COMPILER_LAUNCHIMAGE_NAME = LaunchImage;
				CODE_SIGN_IDENTITY = "iPhone Developer";
				FRAMEWORK_SEARCH_PATHS = (
					"$(inherited)",
					/Users/kbdaitch/code/ios/facebook_parse/guru,
					/Users/kbdaitch/code/bardo/guru/ios,
				);
				GCC_PRECOMPILE_PREFIX_HEADER = YES;
				GCC_PREFIX_HEADER = "guru/guru-Prefix.pch";
				INFOPLIST_FILE = "guru/guru-Info.plist";
				OTHER_LDFLAGS = "$(inherited)";
				PRODUCT_NAME = "$(TARGET_NAME)";
				WRAPPER_EXTENSION = app;
			};
			name = Release;
		};
		388329CC187995D4004836A2 /* Debug */ = {
			isa = XCBuildConfiguration;
			buildSettings = {
				ARCHS = "$(ARCHS_STANDARD_INCLUDING_64_BIT)";
				BUNDLE_LOADER = "$(BUILT_PRODUCTS_DIR)/guru.app/guru";
				FRAMEWORK_SEARCH_PATHS = (
					"$(SDKROOT)/Developer/Library/Frameworks",
					"$(inherited)",
					"$(DEVELOPER_FRAMEWORKS_DIR)",
				);
				GCC_PRECOMPILE_PREFIX_HEADER = YES;
				GCC_PREFIX_HEADER = "guru/guru-Prefix.pch";
				GCC_PREPROCESSOR_DEFINITIONS = (
					"DEBUG=1",
					"$(inherited)",
				);
				INFOPLIST_FILE = "guruTests/guruTests-Info.plist";
				PRODUCT_NAME = "$(TARGET_NAME)";
				TEST_HOST = "$(BUNDLE_LOADER)";
				WRAPPER_EXTENSION = xctest;
			};
			name = Debug;
		};
		388329CD187995D4004836A2 /* Release */ = {
			isa = XCBuildConfiguration;
			buildSettings = {
				ARCHS = "$(ARCHS_STANDARD_INCLUDING_64_BIT)";
				BUNDLE_LOADER = "$(BUILT_PRODUCTS_DIR)/guru.app/guru";
				FRAMEWORK_SEARCH_PATHS = (
					"$(SDKROOT)/Developer/Library/Frameworks",
					"$(inherited)",
					"$(DEVELOPER_FRAMEWORKS_DIR)",
				);
				GCC_PRECOMPILE_PREFIX_HEADER = YES;
				GCC_PREFIX_HEADER = "guru/guru-Prefix.pch";
				INFOPLIST_FILE = "guruTests/guruTests-Info.plist";
				PRODUCT_NAME = "$(TARGET_NAME)";
				TEST_HOST = "$(BUNDLE_LOADER)";
				WRAPPER_EXTENSION = xctest;
			};
			name = Release;
		};
/* End XCBuildConfiguration section */

/* Begin XCConfigurationList section */
		3883298E187995D4004836A2 /* Build configuration list for PBXProject "guru" */ = {
			isa = XCConfigurationList;
			buildConfigurations = (
				388329C6187995D4004836A2 /* Debug */,
				388329C7187995D4004836A2 /* Release */,
			);
			defaultConfigurationIsVisible = 0;
			defaultConfigurationName = Release;
		};
		388329C8187995D4004836A2 /* Build configuration list for PBXNativeTarget "guru" */ = {
			isa = XCConfigurationList;
			buildConfigurations = (
				388329C9187995D4004836A2 /* Debug */,
				388329CA187995D4004836A2 /* Release */,
			);
			defaultConfigurationIsVisible = 0;
			defaultConfigurationName = Release;
		};
		388329CB187995D4004836A2 /* Build configuration list for PBXNativeTarget "guruTests" */ = {
			isa = XCConfigurationList;
			buildConfigurations = (
				388329CC187995D4004836A2 /* Debug */,
				388329CD187995D4004836A2 /* Release */,
			);
			defaultConfigurationIsVisible = 0;
			defaultConfigurationName = Release;
		};
/* End XCConfigurationList section */
	};
	rootObject = 3883298B187995D4004836A2 /* Project object */;
}
